// !$*UTF8*$!
{
	archiveVersion = 1;
	classes = {
	};
	objectVersion = 46;
	objects = {

/* Begin PBXBuildFile section */
		E9F76B891EC02E6E002DCB73 /* AppDelegate.swift in Sources */ = {isa = PBXBuildFile; fileRef = E9F76B881EC02E6E002DCB73 /* AppDelegate.swift */; };
		E9F76B8B1EC02E6E002DCB73 /* ViewController.swift in Sources */ = {isa = PBXBuildFile; fileRef = E9F76B8A1EC02E6E002DCB73 /* ViewController.swift */; };
		E9F76B8E1EC02E6E002DCB73 /* Main.storyboard in Resources */ = {isa = PBXBuildFile; fileRef = E9F76B8C1EC02E6E002DCB73 /* Main.storyboard */; };
		E9F76B901EC02E6E002DCB73 /* Assets.xcassets in Resources */ = {isa = PBXBuildFile; fileRef = E9F76B8F1EC02E6E002DCB73 /* Assets.xcassets */; };
		E9F76B931EC02E6E002DCB73 /* LaunchScreen.storyboard in Resources */ = {isa = PBXBuildFile; fileRef = E9F76B911EC02E6E002DCB73 /* LaunchScreen.storyboard */; };
		E9F76B9C1EC02EDD002DCB73 /* AddressCityPickerView.swift in Sources */ = {isa = PBXBuildFile; fileRef = E9F76B9B1EC02EDD002DCB73 /* AddressCityPickerView.swift */; };
		E9F76B9E1EC02EE7002DCB73 /* ProvinceModel.swift in Sources */ = {isa = PBXBuildFile; fileRef = E9F76B9D1EC02EE7002DCB73 /* ProvinceModel.swift */; };
		E9F76BA01EC032DB002DCB73 /* citydatacoding.plist in Resources */ = {isa = PBXBuildFile; fileRef = E9F76B9F1EC032DB002DCB73 /* citydatacoding.plist */; };
/* End PBXBuildFile section */

/* Begin PBXFileReference section */
		E9F76B851EC02E6E002DCB73 /* CityChooseDemo.app */ = {isa = PBXFileReference; explicitFileType = wrapper.application; includeInIndex = 0; path = CityChooseDemo.app; sourceTree = BUILT_PRODUCTS_DIR; };
		E9F76B881EC02E6E002DCB73 /* AppDelegate.swift */ = {isa = PBXFileReference; lastKnownFileType = sourcecode.swift; path = AppDelegate.swift; sourceTree = "<group>"; };
		E9F76B8A1EC02E6E002DCB73 /* ViewController.swift */ = {isa = PBXFileReference; lastKnownFileType = sourcecode.swift; path = ViewController.swift; sourceTree = "<group>"; };
		E9F76B8D1EC02E6E002DCB73 /* Base */ = {isa = PBXFileReference; lastKnownFileType = file.storyboard; name = Base; path = Base.lproj/Main.storyboard; sourceTree = "<group>"; };
		E9F76B8F1EC02E6E002DCB73 /* Assets.xcassets */ = {isa = PBXFileReference; lastKnownFileType = folder.assetcatalog; path = Assets.xcassets; sourceTree = "<group>"; };
		E9F76B921EC02E6E002DCB73 /* Base */ = {isa = PBXFileReference; lastKnownFileType = file.storyboard; name = Base; path = Base.lproj/LaunchScreen.storyboard; sourceTree = "<group>"; };
		E9F76B941EC02E6E002DCB73 /* Info.plist */ = {isa = PBXFileReference; lastKnownFileType = text.plist.xml; path = Info.plist; sourceTree = "<group>"; };
		E9F76B9B1EC02EDD002DCB73 /* AddressCityPickerView.swift */ = {isa = PBXFileReference; fileEncoding = 4; lastKnownFileType = sourcecode.swift; path = AddressCityPickerView.swift; sourceTree = "<group>"; };
		E9F76B9D1EC02EE7002DCB73 /* ProvinceModel.swift */ = {isa = PBXFileReference; fileEncoding = 4; lastKnownFileType = sourcecode.swift; path = ProvinceModel.swift; sourceTree = "<group>"; };
		E9F76B9F1EC032DB002DCB73 /* citydatacoding.plist */ = {isa = PBXFileReference; lastKnownFileType = file.bplist; path = citydatacoding.plist; sourceTree = "<group>"; };
/* End PBXFileReference section */

/* Begin PBXFrameworksBuildPhase section */
		E9F76B821EC02E6E002DCB73 /* Frameworks */ = {
			isa = PBXFrameworksBuildPhase;
			buildActionMask = 2147483647;
			files = (
			);
			runOnlyForDeploymentPostprocessing = 0;
		};
/* End PBXFrameworksBuildPhase section */

/* Begin PBXGroup section */
		E9F76B7C1EC02E6E002DCB73 = {
			isa = PBXGroup;
			children = (
				E9F76B871EC02E6E002DCB73 /* CityChooseDemo */,
				E9F76B861EC02E6E002DCB73 /* Products */,
			);
			sourceTree = "<group>";
		};
		E9F76B861EC02E6E002DCB73 /* Products */ = {
			isa = PBXGroup;
			children = (
				E9F76B851EC02E6E002DCB73 /* CityChooseDemo.app */,
			);
			name = Products;
			sourceTree = "<group>";
		};
		E9F76B871EC02E6E002DCB73 /* CityChooseDemo */ = {
			isa = PBXGroup;
			children = (
				E9F76B881EC02E6E002DCB73 /* AppDelegate.swift */,
				E9F76B8A1EC02E6E002DCB73 /* ViewController.swift */,
				E9F76B9D1EC02EE7002DCB73 /* ProvinceModel.swift */,
				E9F76B9B1EC02EDD002DCB73 /* AddressCityPickerView.swift */,
				E9F76B8C1EC02E6E002DCB73 /* Main.storyboard */,
				E9F76B8F1EC02E6E002DCB73 /* Assets.xcassets */,
				E9F76B911EC02E6E002DCB73 /* LaunchScreen.storyboard */,
				E9F76B9F1EC032DB002DCB73 /* citydatacoding.plist */,
				E9F76B941EC02E6E002DCB73 /* Info.plist */,
			);
			path = CityChooseDemo;
			sourceTree = "<group>";
		};
/* End PBXGroup section */

/* Begin PBXNativeTarget section */
		E9F76B841EC02E6E002DCB73 /* CityChooseDemo */ = {
			isa = PBXNativeTarget;
			buildConfigurationList = E9F76B971EC02E6E002DCB73 /* Build configuration list for PBXNativeTarget "CityChooseDemo" */;
			buildPhases = (
				E9F76B811EC02E6E002DCB73 /* Sources */,
				E9F76B821EC02E6E002DCB73 /* Frameworks */,
				E9F76B831EC02E6E002DCB73 /* Resources */,
			);
			buildRules = (
			);
			dependencies = (
			);
			name = CityChooseDemo;
			productName = CityChooseDemo;
			productReference = E9F76B851EC02E6E002DCB73 /* CityChooseDemo.app */;
			productType = "com.apple.product-type.application";
		};
/* End PBXNativeTarget section */

/* Begin PBXProject section */
		E9F76B7D1EC02E6E002DCB73 /* Project object */ = {
			isa = PBXProject;
			attributes = {
				LastSwiftUpdateCheck = 0810;
				LastUpgradeCheck = 0810;
				ORGANIZATIONNAME = ylifegroup;
				TargetAttributes = {
					E9F76B841EC02E6E002DCB73 = {
						CreatedOnToolsVersion = 8.1;
						DevelopmentTeam = 7D5786K96C;
						ProvisioningStyle = Automatic;
					};
				};
			};
			buildConfigurationList = E9F76B801EC02E6E002DCB73 /* Build configuration list for PBXProject "CityChooseDemo" */;
			compatibilityVersion = "Xcode 3.2";
			developmentRegion = English;
			hasScannedForEncodings = 0;
			knownRegions = (
				en,
				Base,
			);
			mainGroup = E9F76B7C1EC02E6E002DCB73;
			productRefGroup = E9F76B861EC02E6E002DCB73 /* Products */;
			projectDirPath = "";
			projectRoot = "";
			targets = (
				E9F76B841EC02E6E002DCB73 /* CityChooseDemo */,
			);
		};
/* End PBXProject section */

/* Begin PBXResourcesBuildPhase section */
		E9F76B831EC02E6E002DCB73 /* Resources */ = {
			isa = PBXResourcesBuildPhase;
			buildActionMask = 2147483647;
			files = (
				E9F76B931EC02E6E002DCB73 /* LaunchScreen.storyboard in Resources */,
				E9F76BA01EC032DB002DCB73 /* citydatacoding.plist in Resources */,
				E9F76B901EC02E6E002DCB73 /* Assets.xcassets in Resources */,
				E9F76B8E1EC02E6E002DCB73 /* Main.storyboard in Resources */,
			);
			runOnlyForDeploymentPostprocessing = 0;
		};
/* End PBXResourcesBuildPhase section */

/* Begin PBXSourcesBuildPhase section */
		E9F76B811EC02E6E002DCB73 /* Sources */ = {
			isa = PBXSourcesBuildPhase;
			buildActionMask = 2147483647;
			files = (
				E9F76B9C1EC02EDD002DCB73 /* AddressCityPickerView.swift in Sources */,
				E9F76B9E1EC02EE7002DCB73 /* ProvinceModel.swift in Sources */,
				E9F76B8B1EC02E6E002DCB73 /* ViewController.swift in Sources */,
				E9F76B891EC02E6E002DCB73 /* AppDelegate.swift in Sources */,
			);
			runOnlyForDeploymentPostprocessing = 0;
		};
/* End PBXSourcesBuildPhase section */

/* Begin PBXVariantGroup section */
		E9F76B8C1EC02E6E002DCB73 /* Main.storyboard */ = {
			isa = PBXVariantGroup;
			children = (
				E9F76B8D1EC02E6E002DCB73 /* Base */,
			);
			name = Main.storyboard;
			sourceTree = "<group>";
		};
		E9F76B911EC02E6E002DCB73 /* LaunchScreen.storyboard */ = {
			isa = PBXVariantGroup;
			children = (
				E9F76B921EC02E6E002DCB73 /* Base */,
			);
			name = LaunchScreen.storyboard;
			sourceTree = "<group>";
		};
/* End PBXVariantGroup section */

/* Begin XCBuildConfiguration section */
		E9F76B951EC02E6E002DCB73 /* Debug */ = {
			isa = XCBuildConfiguration;
			buildSettings = {
				ALWAYS_SEARCH_USER_PATHS = NO;
				CLANG_ANALYZER_NONNULL = YES;
				CLANG_CXX_LANGUAGE_STANDARD = "gnu++0x";
				CLANG_CXX_LIBRARY = "libc++";
				CLANG_ENABLE_MODULES = YES;
				CLANG_ENABLE_OBJC_ARC = YES;
				CLANG_WARN_BOOL_CONVERSION = YES;
				CLANG_WARN_CONSTANT_CONVERSION = YES;
				CLANG_WARN_DIRECT_OBJC_ISA_USAGE = YES_ERROR;
				CLANG_WARN_DOCUMENTATION_COMMENTS = YES;
				CLANG_WARN_EMPTY_BODY = YES;
				CLANG_WARN_ENUM_CONVERSION = YES;
				CLANG_WARN_INFINITE_RECURSION = YES;
				CLANG_WARN_INT_CONVERSION = YES;
				CLANG_WARN_OBJC_ROOT_CLASS = YES_ERROR;
				CLANG_WARN_SUSPICIOUS_MOVES = YES;
				CLANG_WARN_UNREACHABLE_CODE = YES;
				CLANG_WARN__DUPLICATE_METHOD_MATCH = YES;
				"CODE_SIGN_IDENTITY[sdk=iphoneos*]" = "iPhone Developer";
				COPY_PHASE_STRIP = NO;
				DEBUG_INFORMATION_FORMAT = dwarf;
				ENABLE_STRICT_OBJC_MSGSEND = YES;
				ENABLE_TESTABILITY = YES;
				GCC_C_LANGUAGE_STANDARD = gnu99;
				GCC_DYNAMIC_NO_PIC = NO;
				GCC_NO_COMMON_BLOCKS = YES;
				GCC_OPTIMIZATION_LEVEL = 0;
				GCC_PREPROCESSOR_DEFINITIONS = (
					"DEBUG=1",
					"$(inherited)",
				);
				GCC_WARN_64_TO_32_BIT_CONVERSION = YES;
				GCC_WARN_ABOUT_RETURN_TYPE = YES_ERROR;
				GCC_WARN_UNDECLARED_SELECTOR = YES;
				GCC_WARN_UNINITIALIZED_AUTOS = YES_AGGRESSIVE;
				GCC_WARN_UNUSED_FUNCTION = YES;
				GCC_WARN_UNUSED_VARIABLE = YES;
				IPHONEOS_DEPLOYMENT_TARGET = 10.1;
				MTL_ENABLE_DEBUG_INFO = YES;
				ONLY_ACTIVE_ARCH = YES;
				SDKROOT = iphoneos;
				SWIFT_ACTIVE_COMPILATION_CONDITIONS = DEBUG;
				SWIFT_OPTIMIZATION_LEVEL = "-Onone";
			};
			name = Debug;
		};
		E9F76B961EC02E6E002DCB73 /* Release */ = {
			isa = XCBuildConfiguration;
			buildSettings = {
				ALWAYS_SEARCH_USER_PATHS = NO;
				CLANG_ANALYZER_NONNULL = YES;
				CLANG_CXX_LANGUAGE_STANDARD = "gnu++0x";
				CLANG_CXX_LIBRARY = "libc++";
				CLANG_ENABLE_MODULES = YES;
				CLANG_ENABLE_OBJC_ARC = YES;
				CLANG_WARN_BOOL_CONVERSION = YES;
				CLANG_WARN_CONSTANT_CONVERSION = YES;
				CLANG_WARN_DIRECT_OBJC_ISA_USAGE = YES_ERROR;
				CLANG_WARN_DOCUMENTATION_COMMENTS = YES;
				CLANG_WARN_EMPTY_BODY = YES;
				CLANG_WARN_ENUM_CONVERSION = YES;
				CLANG_WARN_INFINITE_RECURSION = YES;
				CLANG_WARN_INT_CONVERSION = YES;
				CLANG_WARN_OBJC_ROOT_CLASS = YES_ERROR;
				CLANG_WARN_SUSPICIOUS_MOVES = YES;
				CLANG_WARN_UNREACHABLE_CODE = YES;
				CLANG_WARN__DUPLICATE_METHOD_MATCH = YES;
				"CODE_SIGN_IDENTITY[sdk=iphoneos*]" = "iPhone Developer";
				COPY_PHASE_STRIP = NO;
				DEBUG_INFORMATION_FORMAT = "dwarf-with-dsym";
				ENABLE_NS_ASSERTIONS = NO;
				ENABLE_STRICT_OBJC_MSGSEND = YES;
				GCC_C_LANGUAGE_STANDARD = gnu99;
				GCC_NO_COMMON_BLOCKS = YES;
				GCC_WARN_64_TO_32_BIT_CONVERSION = YES;
				GCC_WARN_ABOUT_RETURN_TYPE = YES_ERROR;
				GCC_WARN_UNDECLARED_SELECTOR = YES;
				GCC_WARN_UNINITIALIZED_AUTOS = YES_AGGRESSIVE;
				GCC_WARN_UNUSED_FUNCTION = YES;
				GCC_WARN_UNUSED_VARIABLE = YES;
				IPHONEOS_DEPLOYMENT_TARGET = 10.1;
				MTL_ENABLE_DEBUG_INFO = NO;
				SDKROOT = iphoneos;
				SWIFT_OPTIMIZATION_LEVEL = "-Owholemodule";
				VALIDATE_PRODUCT = YES;
			};
			name = Release;
		};
		E9F76B981EC02E6E002DCB73 /* Debug */ = {
			isa = XCBuildConfiguration;
			buildSettings = {
				ASSETCATALOG_COMPILER_APPICON_NAME = AppIcon;
				DEVELOPMENT_TEAM = 7D5786K96C;
				INFOPLIST_FILE = CityChooseDemo/Info.plist;
				LD_RUNPATH_SEARCH_PATHS = "$(inherited) @executable_path/Frameworks";
				PRODUCT_BUNDLE_IDENTIFIER = com.yuan.CityChooseDemo;
				PRODUCT_NAME = "$(TARGET_NAME)";
				SWIFT_VERSION = 3.0;
			};
			name = Debug;
		};
		E9F76B991EC02E6E002DCB73 /* Release */ = {
			isa = XCBuildConfiguration;
			buildSettings = {
				ASSETCATALOG_COMPILER_APPICON_NAME = AppIcon;
				DEVELOPMENT_TEAM = 7D5786K96C;
				INFOPLIST_FILE = CityChooseDemo/Info.plist;
				LD_RUNPATH_SEARCH_PATHS = "$(inherited) @executable_path/Frameworks";
				PRODUCT_BUNDLE_IDENTIFIER = com.yuan.CityChooseDemo;
				PRODUCT_NAME = "$(TARGET_NAME)";
				SWIFT_VERSION = 3.0;
			};
			name = Release;
		};
/* End XCBuildConfiguration section */

/* Begin XCConfigurationList section */
		E9F76B801EC02E6E002DCB73 /* Build configuration list for PBXProject "CityChooseDemo" */ = {
			isa = XCConfigurationList;
			buildConfigurations = (
				E9F76B951EC02E6E002DCB73 /* Debug */,
				E9F76B961EC02E6E002DCB73 /* Release */,
			);
			defaultConfigurationIsVisible = 0;
			defaultConfigurationName = Release;
		};
		E9F76B971EC02E6E002DCB73 /* Build configuration list for PBXNativeTarget "CityChooseDemo" */ = {
			isa = XCConfigurationList;
			buildConfigurations = (
				E9F76B981EC02E6E002DCB73 /* Debug */,
				E9F76B991EC02E6E002DCB73 /* Release */,
			);
			defaultConfigurationIsVisible = 0;
		};
/* End XCConfigurationList section */
	};
	rootObject = E9F76B7D1EC02E6E002DCB73 /* Project object */;
}
